
Microsoft Visual Studio Solution File, Format Version 12.00
# Visual Studio Version 17
VisualStudioVersion = 17.14.36121.58
MinimumVisualStudioVersion = 10.0.40219.1
Project("{2150E333-8FDC-42A3-9474-1A3956D46DE8}") = "ConfigureAwait", "ConfigureAwait", "{02EA681E-C7D8-13C7-8484-4AC65E1B71E8}"
	ProjectSection(SolutionItems) = preProject
		ConfigureAwait\README.md = ConfigureAwait\README.md
	EndProjectSection
EndProject
Project("{FAE04EC0-301F-11D3-BF4B-00C04F79EFBC}") = "WebAPI-Performance-Analyzer", "ConfigureAwait\WebAPI-Performance-Analyzer\WebAPI-Performance-Analyzer.csproj", "{DE1947D6-7CD4-422F-8B84-67E3DB5274C4}"
EndProject
Project("{FAE04EC0-301F-11D3-BF4B-00C04F79EFBC}") = "BackgroundJobProcessor", "ConfigureAwait\BackgroundJobProcessor\BackgroundJobProcessor.csproj", "{D5F9FACE-5C95-4616-8BDD-AE9FF68A09E6}"
EndProject
Project("{FAE04EC0-301F-11D3-BF4B-00C04F79EFBC}") = "AsyncHttpUtils", "ConfigureAwait\AsyncHttpUtils\AsyncHttpUtils.csproj", "{5AC136A3-723B-17A5-742A-99FC5B3AD4EC}"
EndProject
Project("{FAE04EC0-301F-11D3-BF4B-00C04F79EFBC}") = "WpfConfigureAwaitDemo", "ConfigureAwait\WpfConfigureAwaitDemo\WpfConfigureAwaitDemo.csproj", "{C5959814-A469-B722-CACF-0AE5A3B6C242}"
EndProject
Project("{2150E333-8FDC-42A3-9474-1A3956D46DE8}") = "Solution Items", "Solution Items", "{8EC462FD-D22E-90A8-E5CE-7E832BA40C5D}"
	ProjectSection(SolutionItems) = preProject
		.gitignore = .gitignore
	EndProjectSection
EndProject
Project("{2150E333-8FDC-42A3-9474-1A3956D46DE8}") = "RabbitMQ", "RabbitMQ", "{661C624B-FB66-4766-9B96-5535BAB40CD7}"
EndProject
Project("{FAE04EC0-301F-11D3-BF4B-00C04F79EFBC}") = "RabbitMQ_Consumer", "RabbitMQ\RabbitMQ_Consumer\RabbitMQ_Consumer.csproj", "{B46A9A42-FB24-492C-B41F-15E855275D78}"
EndProject
Project("{FAE04EC0-301F-11D3-BF4B-00C04F79EFBC}") = "RabbitMQ_Producer", "RabbitMQ\RabbitMQ_Producer\RabbitMQ_Producer.csproj", "{DBB023A8-0F05-4056-B4D7-B4AC7F1C0FA3}"
EndProject
Project("{2150E333-8FDC-42A3-9474-1A3956D46DE8}") = "Dapper", "Dapper", "{590B6461-D72B-494E-ADCA-535B2229A10E}"
EndProject
Project("{FAE04EC0-301F-11D3-BF4B-00C04F79EFBC}") = "Dapper_Sample_Code", "Dapper\Dapper_Sample_Code\Dapper_Sample_Code.csproj", "{728A952D-1729-457F-A70E-690D1FAAAF5E}"
EndProject
Global
	GlobalSection(SolutionConfigurationPlatforms) = preSolution
		Debug|Any CPU = Debug|Any CPU
		Release|Any CPU = Release|Any CPU
	EndGlobalSection
	GlobalSection(ProjectConfigurationPlatforms) = postSolution
		{DE1947D6-7CD4-422F-8B84-67E3DB5274C4}.Debug|Any CPU.ActiveCfg = Debug|Any CPU
		{DE1947D6-7CD4-422F-8B84-67E3DB5274C4}.Debug|Any CPU.Build.0 = Debug|Any CPU
		{DE1947D6-7CD4-422F-8B84-67E3DB5274C4}.Release|Any CPU.ActiveCfg = Release|Any CPU
		{DE1947D6-7CD4-422F-8B84-67E3DB5274C4}.Release|Any CPU.Build.0 = Release|Any CPU
		{D5F9FACE-5C95-4616-8BDD-AE9FF68A09E6}.Debug|Any CPU.ActiveCfg = Debug|Any CPU
		{D5F9FACE-5C95-4616-8BDD-AE9FF68A09E6}.Debug|Any CPU.Build.0 = Debug|Any CPU
		{D5F9FACE-5C95-4616-8BDD-AE9FF68A09E6}.Release|Any CPU.ActiveCfg = Release|Any CPU
		{D5F9FACE-5C95-4616-8BDD-AE9FF68A09E6}.Release|Any CPU.Build.0 = Release|Any CPU
		{5AC136A3-723B-17A5-742A-99FC5B3AD4EC}.Debug|Any CPU.ActiveCfg = Debug|Any CPU
		{5AC136A3-723B-17A5-742A-99FC5B3AD4EC}.Debug|Any CPU.Build.0 = Debug|Any CPU
		{5AC136A3-723B-17A5-742A-99FC5B3AD4EC}.Release|Any CPU.ActiveCfg = Release|Any CPU
		{5AC136A3-723B-17A5-742A-99FC5B3AD4EC}.Release|Any CPU.Build.0 = Release|Any CPU
		{C5959814-A469-B722-CACF-0AE5A3B6C242}.Debug|Any CPU.ActiveCfg = Debug|Any CPU
		{C5959814-A469-B722-CACF-0AE5A3B6C242}.Debug|Any CPU.Build.0 = Debug|Any CPU
		{C5959814-A469-B722-CACF-0AE5A3B6C242}.Release|Any CPU.ActiveCfg = Release|Any CPU
		{C5959814-A469-B722-CACF-0AE5A3B6C242}.Release|Any CPU.Build.0 = Release|Any CPU
		{B46A9A42-FB24-492C-B41F-15E855275D78}.Debug|Any CPU.ActiveCfg = Debug|Any CPU
		{B46A9A42-FB24-492C-B41F-15E855275D78}.Debug|Any CPU.Build.0 = Debug|Any CPU
		{B46A9A42-FB24-492C-B41F-15E855275D78}.Release|Any CPU.ActiveCfg = Release|Any CPU
		{B46A9A42-FB24-492C-B41F-15E855275D78}.Release|Any CPU.Build.0 = Release|Any CPU
		{DBB023A8-0F05-4056-B4D7-B4AC7F1C0FA3}.Debug|Any CPU.ActiveCfg = Debug|Any CPU
		{DBB023A8-0F05-4056-B4D7-B4AC7F1C0FA3}.Debug|Any CPU.Build.0 = Debug|Any CPU
		{DBB023A8-0F05-4056-B4D7-B4AC7F1C0FA3}.Release|Any CPU.ActiveCfg = Release|Any CPU
		{DBB023A8-0F05-4056-B4D7-B4AC7F1C0FA3}.Release|Any CPU.Build.0 = Release|Any CPU
		{728A952D-1729-457F-A70E-690D1FAAAF5E}.Debug|Any CPU.ActiveCfg = Debug|Any CPU
		{728A952D-1729-457F-A70E-690D1FAAAF5E}.Debug|Any CPU.Build.0 = Debug|Any CPU
		{728A952D-1729-457F-A70E-690D1FAAAF5E}.Release|Any CPU.ActiveCfg = Release|Any CPU
		{728A952D-1729-457F-A70E-690D1FAAAF5E}.Release|Any CPU.Build.0 = Release|Any CPU
	EndGlobalSection
	GlobalSection(SolutionProperties) = preSolution
		HideSolutionNode = FALSE
	EndGlobalSection
	GlobalSection(NestedProjects) = preSolution
		{DE1947D6-7CD4-422F-8B84-67E3DB5274C4} = {02EA681E-C7D8-13C7-8484-4AC65E1B71E8}
		{D5F9FACE-5C95-4616-8BDD-AE9FF68A09E6} = {02EA681E-C7D8-13C7-8484-4AC65E1B71E8}
		{5AC136A3-723B-17A5-742A-99FC5B3AD4EC} = {02EA681E-C7D8-13C7-8484-4AC65E1B71E8}
		{C5959814-A469-B722-CACF-0AE5A3B6C242} = {02EA681E-C7D8-13C7-8484-4AC65E1B71E8}
		{B46A9A42-FB24-492C-B41F-15E855275D78} = {661C624B-FB66-4766-9B96-5535BAB40CD7}
		{DBB023A8-0F05-4056-B4D7-B4AC7F1C0FA3} = {661C624B-FB66-4766-9B96-5535BAB40CD7}
		{728A952D-1729-457F-A70E-690D1FAAAF5E} = {590B6461-D72B-494E-ADCA-535B2229A10E}
	EndGlobalSection
	GlobalSection(ExtensibilityGlobals) = postSolution
		SolutionGuid = {C594C7BA-2C79-4B38-90BC-9BFA64F5783B}
	EndGlobalSection
EndGlobal
