
Microsoft Visual Studio Solution File, Format Version 12.00
# Visual Studio Version 18
VisualStudioVersion = 18.0.11205.157
MinimumVisualStudioVersion = 10.0.40219.1
Project("{2150E333-8FDC-42A3-9474-1A3956D46DE8}") = "ConfigureAwait", "ConfigureAwait", "{02EA681E-C7D8-13C7-8484-4AC65E1B71E8}"
	ProjectSection(SolutionItems) = preProject
		ConfigureAwait\README.md = ConfigureAwait\README.md
	EndProjectSection
EndProject
Project("{FAE04EC0-301F-11D3-BF4B-00C04F79EFBC}") = "WebAPI-Performance-Analyzer", "ConfigureAwait\WebAPI-Performance-Analyzer\WebAPI-Performance-Analyzer.csproj", "{DE1947D6-7CD4-422F-8B84-67E3DB5274C4}"
EndProject
Project("{FAE04EC0-301F-11D3-BF4B-00C04F79EFBC}") = "BackgroundJobProcessor", "ConfigureAwait\BackgroundJobProcessor\BackgroundJobProcessor.csproj", "{D5F9FACE-5C95-4616-8BDD-AE9FF68A09E6}"
EndProject
Project("{FAE04EC0-301F-11D3-BF4B-00C04F79EFBC}") = "AsyncHttpUtils", "ConfigureAwait\AsyncHttpUtils\AsyncHttpUtils.csproj", "{5AC136A3-723B-17A5-742A-99FC5B3AD4EC}"
EndProject
Project("{FAE04EC0-301F-11D3-BF4B-00C04F79EFBC}") = "WpfConfigureAwaitDemo", "ConfigureAwait\WpfConfigureAwaitDemo\WpfConfigureAwaitDemo.csproj", "{C5959814-A469-B722-CACF-0AE5A3B6C242}"
EndProject
Project("{2150E333-8FDC-42A3-9474-1A3956D46DE8}") = "Solution Items", "Solution Items", "{8EC462FD-D22E-90A8-E5CE-7E832BA40C5D}"
	ProjectSection(SolutionItems) = preProject
		.gitignore = .gitignore
		helpFile.txt = helpFile.txt
	EndProjectSection
EndProject
Project("{2150E333-8FDC-42A3-9474-1A3956D46DE8}") = "RabbitMQ", "RabbitMQ", "{661C624B-FB66-4766-9B96-5535BAB40CD7}"
EndProject
Project("{FAE04EC0-301F-11D3-BF4B-00C04F79EFBC}") = "RabbitMQ_Consumer", "RabbitMQ\RabbitMQ_Consumer\RabbitMQ_Consumer.csproj", "{B46A9A42-FB24-492C-B41F-15E855275D78}"
EndProject
Project("{FAE04EC0-301F-11D3-BF4B-00C04F79EFBC}") = "RabbitMQ_Producer", "RabbitMQ\RabbitMQ_Producer\RabbitMQ_Producer.csproj", "{DBB023A8-0F05-4056-B4D7-B4AC7F1C0FA3}"
EndProject
Project("{2150E333-8FDC-42A3-9474-1A3956D46DE8}") = "Dapper", "Dapper", "{590B6461-D72B-494E-ADCA-535B2229A10E}"
EndProject
Project("{FAE04EC0-301F-11D3-BF4B-00C04F79EFBC}") = "Dapper_Sample_Code", "Dapper\Dapper_Sample_Code\Dapper_Sample_Code.csproj", "{728A952D-1729-457F-A70E-690D1FAAAF5E}"
EndProject
Project("{2150E333-8FDC-42A3-9474-1A3956D46DE8}") = "MemoryCache", "MemoryCache", "{A6D402A6-DBD2-40D9-A87F-2E30EE211B20}"
EndProject
Project("{FAE04EC0-301F-11D3-BF4B-00C04F79EFBC}") = "Memory-Cache", "MemoryCache\Memory-Cache\Memory-Cache.csproj", "{A78540B8-80D8-41AF-9200-FF9C7F2FAA94}"
EndProject
Project("{2150E333-8FDC-42A3-9474-1A3956D46DE8}") = "Logs", "Logs", "{29BFC5B5-DFB3-47E7-BAA0-0BE2EA04C2C1}"
EndProject
Project("{FAE04EC0-301F-11D3-BF4B-00C04F79EFBC}") = "ELKStack", "Logs\ELKStack\ELKStack.csproj", "{D573AED5-770B-4473-9F2E-2A3F0EE9D686}"
EndProject
Project("{FAE04EC0-301F-11D3-BF4B-00C04F79EFBC}") = "ELKStackApp", "Logs\ELKStackApp\ELKStackApp.csproj", "{1F04AC31-4073-404A-B78A-866B9C22FCF8}"
EndProject
Project("{FAE04EC0-301F-11D3-BF4B-00C04F79EFBC}") = "Splunk", "Logs\Splunk\Splunk.csproj", "{A5452F6B-3D3F-4071-B9B9-F1B99ECDD6F8}"
EndProject
Project("{FAE04EC0-301F-11D3-BF4B-00C04F79EFBC}") = "SplunkApp", "Logs\SplunkApp\SplunkApp.csproj", "{53CA1A7C-8FD0-4D22-B876-50FAA47DA2E2}"
EndProject
Project("{FAE04EC0-301F-11D3-BF4B-00C04F79EFBC}") = "Grafana", "Logs\Grafana\Grafana.csproj", "{1CC1BB75-CCC3-4155-BCCD-D2CCB4CC81BE}"
EndProject
Project("{FAE04EC0-301F-11D3-BF4B-00C04F79EFBC}") = "GrafanaApp", "Logs\GrafanaApp\GrafanaApp.csproj", "{EEE24C27-28F9-4E77-B0DE-16324D1DBADD}"
EndProject
Project("{2150E333-8FDC-42A3-9474-1A3956D46DE8}") = "ApacheKafka", "ApacheKafka", "{D0550CFD-6CA3-4DBE-9F9C-67A160C38028}"
EndProject
Project("{FAE04EC0-301F-11D3-BF4B-00C04F79EFBC}") = "Kafka", "ApacheKafka\Kafka\Kafka.csproj", "{727F9B65-D9BE-47E1-81A5-6FA453946D70}"
EndProject
Project("{FAE04EC0-301F-11D3-BF4B-00C04F79EFBC}") = "KafkaApp", "ApacheKafka\KafkaApp\KafkaApp.csproj", "{E79D072E-1200-4F4F-823A-6840AAEDEF55}"
EndProject
Project("{2150E333-8FDC-42A3-9474-1A3956D46DE8}") = "S.O.L.I.D", "S.O.L.I.D", "{DD657ED4-B9FB-43A2-953D-699722672F09}"
	ProjectSection(SolutionItems) = preProject
		S.O.L.I.D\FoodOrdering\README.md = S.O.L.I.D\FoodOrdering\README.md
	EndProjectSection
EndProject
Project("{FAE04EC0-301F-11D3-BF4B-00C04F79EFBC}") = "FoodOrdering", "S.O.L.I.D\FoodOrdering\FoodOrdering.csproj", "{04BC049A-BC00-4285-B854-EE0F910585F3}"
EndProject
Project("{2150E333-8FDC-42A3-9474-1A3956D46DE8}") = "CorrelationId", "CorrelationId", "{83952D55-31B2-4BAA-907F-D8306EC9B055}"
EndProject
Project("{FAE04EC0-301F-11D3-BF4B-00C04F79EFBC}") = "CorrelationIdSample", "CorrelationId\CorrelationIdSample.csproj", "{2B62016C-BBEC-FE55-F16B-8CD65C3FA198}"
EndProject
Project("{2150E333-8FDC-42A3-9474-1A3956D46DE8}") = "RedLock", "RedLock", "{98584B15-8459-460E-B52A-94EED3771796}"
	ProjectSection(SolutionItems) = preProject
		RedLock\README.md = RedLock\README.md
	EndProjectSection
EndProject
Project("{FAE04EC0-301F-11D3-BF4B-00C04F79EFBC}") = "RedLockAPI", "RedLock\RedLockAPI\RedLockAPI.csproj", "{D74BA224-CE92-48ED-ABC9-E37FC8FE8F98}"
EndProject
Project("{FAE04EC0-301F-11D3-BF4B-00C04F79EFBC}") = "RedLock", "RedLock\RedLock\RedLock.csproj", "{9ED43B64-C8F6-4B41-9765-AB1B416A0412}"
EndProject
Project("{2150E333-8FDC-42A3-9474-1A3956D46DE8}") = "HiLo_Identifier_EntityFramework", "HiLo_Identifier_EntityFramework", "{0FDFEA31-7553-44FC-A521-D01660DE365E}"
EndProject
Project("{FAE04EC0-301F-11D3-BF4B-00C04F79EFBC}") = "EfHiLoSqlServer", "HiLo_Identifier_EntityFramework\EfHiLoSqlite\EfHiLoSqlServer.csproj", "{8D0CD837-7462-422F-9C7F-68F2B0C36E26}"
EndProject
Project("{2150E333-8FDC-42A3-9474-1A3956D46DE8}") = "General", "General", "{ADCE9B2B-90A5-4998-A923-3B0926F3F798}"
EndProject
Project("{FAE04EC0-301F-11D3-BF4B-00C04F79EFBC}") = "ToolsSample", "General\ToolsSample\ToolsSample.csproj", "{BD002DA8-8B25-4F20-A538-5A2FAF2587C5}"
EndProject
Project("{2150E333-8FDC-42A3-9474-1A3956D46DE8}") = "Filters", "Filters", "{15D309F3-771A-43BA-98F8-3CC04E343BD0}"
EndProject
Project("{FAE04EC0-301F-11D3-BF4B-00C04F79EFBC}") = "MinimalFilters", "Filters\MinimalFilters\MinimalFilters.csproj", "{741FD787-CF8F-4B52-88CE-CAA835403FB5}"
EndProject
Project("{2150E333-8FDC-42A3-9474-1A3956D46DE8}") = "RateLimiting", "RateLimiting", "{369CB01D-A1A7-72D2-AABC-3F0945D148A2}"
EndProject
Project("{FAE04EC0-301F-11D3-BF4B-00C04F79EFBC}") = "RateLimiting", "RateLimiting\RateLimiting\RateLimiting.csproj", "{21D7A461-6E66-4997-847D-4493F64219E1}"
EndProject
Project("{2150E333-8FDC-42A3-9474-1A3956D46DE8}") = "LINQ", "LINQ", "{FA7BAC76-F645-45DE-B42D-19748ABCE360}"
EndProject
Project("{FAE04EC0-301F-11D3-BF4B-00C04F79EFBC}") = "LinqWorkshop", "LINQ\LinqWorkshop\LinqWorkshop.csproj", "{895CE9C2-D717-4D2A-9D9F-A845AF6A27BF}"
EndProject
Project("{FAE04EC0-301F-11D3-BF4B-00C04F79EFBC}") = "Asp_vNext_polly", "Asp_vNext_polly\Asp_vNext_polly.csproj", "{77CAC5CA-F670-4FEC-BFD8-7E15E8F4F12A}"
EndProject
Project("{2150E333-8FDC-42A3-9474-1A3956D46DE8}") = "Aspire", "Aspire", "{A7C9E050-9307-4CC6-9C1C-D504C0159C9A}"
EndProject
Project("{FAE04EC0-301F-11D3-BF4B-00C04F79EFBC}") = "AspireApp.AppHost", "Aspire\AspireApp\AspireApp.AppHost\AspireApp.AppHost.csproj", "{A8688D45-4FC9-43E8-A9F8-D82CF67E173E}"
EndProject
Project("{FAE04EC0-301F-11D3-BF4B-00C04F79EFBC}") = "AspireApp.ServiceDefaults", "Aspire\AspireApp\AspireApp.ServiceDefaults\AspireApp.ServiceDefaults.csproj", "{26BC1E97-F2B4-07F3-9303-ABCD4DC84CBB}"
EndProject
Project("{FAE04EC0-301F-11D3-BF4B-00C04F79EFBC}") = "AspireApp.ApiService", "Aspire\AspireApp\AspireApp.ApiService\AspireApp.ApiService.csproj", "{22FB39B8-880C-EBE3-EFED-F3BDECA2BDCA}"
EndProject
Project("{FAE04EC0-301F-11D3-BF4B-00C04F79EFBC}") = "AspireApp.Web", "Aspire\AspireApp\AspireApp.Web\AspireApp.Web.csproj", "{DFC4AD6E-2248-B629-6EF1-D323ADCCBB80}"
EndProject
Project("{2150E333-8FDC-42A3-9474-1A3956D46DE8}") = "N8N", "N8N", "{42CF0530-3599-4E28-976A-4A96E98F9EAF}"
EndProject
Project("{FAE04EC0-301F-11D3-BF4B-00C04F79EFBC}") = "N8N_Runner", "N8N\N8N_Runner\N8N_Runner.csproj", "{C9B2CA74-C152-452A-A84C-DD069200ACBD}"
EndProject
Project("{2150E333-8FDC-42A3-9474-1A3956D46DE8}") = "OpenTelemetry", "OpenTelemetry", "{E0895AE0-9683-4C7A-97D9-6A448AB70E40}"
EndProject
Project("{FAE04EC0-301F-11D3-BF4B-00C04F79EFBC}") = "OpenTelemetryApp", "OpenTelemetry\OpenTelemetryApp\OpenTelemetryApp.csproj", "{A77F9782-3B6F-7A6C-045D-6383DBC24240}"
EndProject
Project("{2150E333-8FDC-42A3-9474-1A3956D46DE8}") = "ollama", "ollama", "{6E1D5336-3422-417C-B7C9-EDB2788FA72A}"
EndProject
Project("{FAE04EC0-301F-11D3-BF4B-00C04F79EFBC}") = "OllamaRunner", "Ollama\OllamaRunner\OllamaRunner.csproj", "{428320C3-03DC-4BB6-B9B8-0DE7AC154FE1}"
EndProject
Global
	GlobalSection(SolutionConfigurationPlatforms) = preSolution
		Debug|Any CPU = Debug|Any CPU
		Release|Any CPU = Release|Any CPU
	EndGlobalSection
	GlobalSection(ProjectConfigurationPlatforms) = postSolution
		{DE1947D6-7CD4-422F-8B84-67E3DB5274C4}.Debug|Any CPU.ActiveCfg = Debug|Any CPU
		{DE1947D6-7CD4-422F-8B84-67E3DB5274C4}.Debug|Any CPU.Build.0 = Debug|Any CPU
		{DE1947D6-7CD4-422F-8B84-67E3DB5274C4}.Release|Any CPU.ActiveCfg = Release|Any CPU
		{DE1947D6-7CD4-422F-8B84-67E3DB5274C4}.Release|Any CPU.Build.0 = Release|Any CPU
		{D5F9FACE-5C95-4616-8BDD-AE9FF68A09E6}.Debug|Any CPU.ActiveCfg = Debug|Any CPU
		{D5F9FACE-5C95-4616-8BDD-AE9FF68A09E6}.Debug|Any CPU.Build.0 = Debug|Any CPU
		{D5F9FACE-5C95-4616-8BDD-AE9FF68A09E6}.Release|Any CPU.ActiveCfg = Release|Any CPU
		{D5F9FACE-5C95-4616-8BDD-AE9FF68A09E6}.Release|Any CPU.Build.0 = Release|Any CPU
		{5AC136A3-723B-17A5-742A-99FC5B3AD4EC}.Debug|Any CPU.ActiveCfg = Debug|Any CPU
		{5AC136A3-723B-17A5-742A-99FC5B3AD4EC}.Debug|Any CPU.Build.0 = Debug|Any CPU
		{5AC136A3-723B-17A5-742A-99FC5B3AD4EC}.Release|Any CPU.ActiveCfg = Release|Any CPU
		{5AC136A3-723B-17A5-742A-99FC5B3AD4EC}.Release|Any CPU.Build.0 = Release|Any CPU
		{C5959814-A469-B722-CACF-0AE5A3B6C242}.Debug|Any CPU.ActiveCfg = Debug|Any CPU
		{C5959814-A469-B722-CACF-0AE5A3B6C242}.Debug|Any CPU.Build.0 = Debug|Any CPU
		{C5959814-A469-B722-CACF-0AE5A3B6C242}.Release|Any CPU.ActiveCfg = Release|Any CPU
		{C5959814-A469-B722-CACF-0AE5A3B6C242}.Release|Any CPU.Build.0 = Release|Any CPU
		{B46A9A42-FB24-492C-B41F-15E855275D78}.Debug|Any CPU.ActiveCfg = Debug|Any CPU
		{B46A9A42-FB24-492C-B41F-15E855275D78}.Debug|Any CPU.Build.0 = Debug|Any CPU
		{B46A9A42-FB24-492C-B41F-15E855275D78}.Release|Any CPU.ActiveCfg = Release|Any CPU
		{B46A9A42-FB24-492C-B41F-15E855275D78}.Release|Any CPU.Build.0 = Release|Any CPU
		{DBB023A8-0F05-4056-B4D7-B4AC7F1C0FA3}.Debug|Any CPU.ActiveCfg = Debug|Any CPU
		{DBB023A8-0F05-4056-B4D7-B4AC7F1C0FA3}.Debug|Any CPU.Build.0 = Debug|Any CPU
		{DBB023A8-0F05-4056-B4D7-B4AC7F1C0FA3}.Release|Any CPU.ActiveCfg = Release|Any CPU
		{DBB023A8-0F05-4056-B4D7-B4AC7F1C0FA3}.Release|Any CPU.Build.0 = Release|Any CPU
		{728A952D-1729-457F-A70E-690D1FAAAF5E}.Debug|Any CPU.ActiveCfg = Debug|Any CPU
		{728A952D-1729-457F-A70E-690D1FAAAF5E}.Debug|Any CPU.Build.0 = Debug|Any CPU
		{728A952D-1729-457F-A70E-690D1FAAAF5E}.Release|Any CPU.ActiveCfg = Release|Any CPU
		{728A952D-1729-457F-A70E-690D1FAAAF5E}.Release|Any CPU.Build.0 = Release|Any CPU
		{A78540B8-80D8-41AF-9200-FF9C7F2FAA94}.Debug|Any CPU.ActiveCfg = Debug|Any CPU
		{A78540B8-80D8-41AF-9200-FF9C7F2FAA94}.Debug|Any CPU.Build.0 = Debug|Any CPU
		{A78540B8-80D8-41AF-9200-FF9C7F2FAA94}.Release|Any CPU.ActiveCfg = Release|Any CPU
		{A78540B8-80D8-41AF-9200-FF9C7F2FAA94}.Release|Any CPU.Build.0 = Release|Any CPU
		{D573AED5-770B-4473-9F2E-2A3F0EE9D686}.Debug|Any CPU.ActiveCfg = Debug|Any CPU
		{D573AED5-770B-4473-9F2E-2A3F0EE9D686}.Debug|Any CPU.Build.0 = Debug|Any CPU
		{D573AED5-770B-4473-9F2E-2A3F0EE9D686}.Release|Any CPU.ActiveCfg = Release|Any CPU
		{D573AED5-770B-4473-9F2E-2A3F0EE9D686}.Release|Any CPU.Build.0 = Release|Any CPU
		{1F04AC31-4073-404A-B78A-866B9C22FCF8}.Debug|Any CPU.ActiveCfg = Debug|Any CPU
		{1F04AC31-4073-404A-B78A-866B9C22FCF8}.Debug|Any CPU.Build.0 = Debug|Any CPU
		{1F04AC31-4073-404A-B78A-866B9C22FCF8}.Release|Any CPU.ActiveCfg = Release|Any CPU
		{1F04AC31-4073-404A-B78A-866B9C22FCF8}.Release|Any CPU.Build.0 = Release|Any CPU
		{A5452F6B-3D3F-4071-B9B9-F1B99ECDD6F8}.Debug|Any CPU.ActiveCfg = Debug|Any CPU
		{A5452F6B-3D3F-4071-B9B9-F1B99ECDD6F8}.Debug|Any CPU.Build.0 = Debug|Any CPU
		{A5452F6B-3D3F-4071-B9B9-F1B99ECDD6F8}.Release|Any CPU.ActiveCfg = Release|Any CPU
		{A5452F6B-3D3F-4071-B9B9-F1B99ECDD6F8}.Release|Any CPU.Build.0 = Release|Any CPU
		{53CA1A7C-8FD0-4D22-B876-50FAA47DA2E2}.Debug|Any CPU.ActiveCfg = Debug|Any CPU
		{53CA1A7C-8FD0-4D22-B876-50FAA47DA2E2}.Debug|Any CPU.Build.0 = Debug|Any CPU
		{53CA1A7C-8FD0-4D22-B876-50FAA47DA2E2}.Release|Any CPU.ActiveCfg = Release|Any CPU
		{53CA1A7C-8FD0-4D22-B876-50FAA47DA2E2}.Release|Any CPU.Build.0 = Release|Any CPU
		{1CC1BB75-CCC3-4155-BCCD-D2CCB4CC81BE}.Debug|Any CPU.ActiveCfg = Debug|Any CPU
		{1CC1BB75-CCC3-4155-BCCD-D2CCB4CC81BE}.Debug|Any CPU.Build.0 = Debug|Any CPU
		{1CC1BB75-CCC3-4155-BCCD-D2CCB4CC81BE}.Release|Any CPU.ActiveCfg = Release|Any CPU
		{1CC1BB75-CCC3-4155-BCCD-D2CCB4CC81BE}.Release|Any CPU.Build.0 = Release|Any CPU
		{EEE24C27-28F9-4E77-B0DE-16324D1DBADD}.Debug|Any CPU.ActiveCfg = Debug|Any CPU
		{EEE24C27-28F9-4E77-B0DE-16324D1DBADD}.Debug|Any CPU.Build.0 = Debug|Any CPU
		{EEE24C27-28F9-4E77-B0DE-16324D1DBADD}.Release|Any CPU.ActiveCfg = Release|Any CPU
		{EEE24C27-28F9-4E77-B0DE-16324D1DBADD}.Release|Any CPU.Build.0 = Release|Any CPU
		{727F9B65-D9BE-47E1-81A5-6FA453946D70}.Debug|Any CPU.ActiveCfg = Debug|Any CPU
		{727F9B65-D9BE-47E1-81A5-6FA453946D70}.Debug|Any CPU.Build.0 = Debug|Any CPU
		{727F9B65-D9BE-47E1-81A5-6FA453946D70}.Release|Any CPU.ActiveCfg = Release|Any CPU
		{727F9B65-D9BE-47E1-81A5-6FA453946D70}.Release|Any CPU.Build.0 = Release|Any CPU
		{E79D072E-1200-4F4F-823A-6840AAEDEF55}.Debug|Any CPU.ActiveCfg = Debug|Any CPU
		{E79D072E-1200-4F4F-823A-6840AAEDEF55}.Debug|Any CPU.Build.0 = Debug|Any CPU
		{E79D072E-1200-4F4F-823A-6840AAEDEF55}.Release|Any CPU.ActiveCfg = Release|Any CPU
		{E79D072E-1200-4F4F-823A-6840AAEDEF55}.Release|Any CPU.Build.0 = Release|Any CPU
		{04BC049A-BC00-4285-B854-EE0F910585F3}.Debug|Any CPU.ActiveCfg = Debug|Any CPU
		{04BC049A-BC00-4285-B854-EE0F910585F3}.Debug|Any CPU.Build.0 = Debug|Any CPU
		{04BC049A-BC00-4285-B854-EE0F910585F3}.Release|Any CPU.ActiveCfg = Release|Any CPU
		{04BC049A-BC00-4285-B854-EE0F910585F3}.Release|Any CPU.Build.0 = Release|Any CPU
		{2B62016C-BBEC-FE55-F16B-8CD65C3FA198}.Debug|Any CPU.ActiveCfg = Debug|Any CPU
		{2B62016C-BBEC-FE55-F16B-8CD65C3FA198}.Debug|Any CPU.Build.0 = Debug|Any CPU
		{2B62016C-BBEC-FE55-F16B-8CD65C3FA198}.Release|Any CPU.ActiveCfg = Release|Any CPU
		{2B62016C-BBEC-FE55-F16B-8CD65C3FA198}.Release|Any CPU.Build.0 = Release|Any CPU
		{D74BA224-CE92-48ED-ABC9-E37FC8FE8F98}.Debug|Any CPU.ActiveCfg = Debug|Any CPU
		{D74BA224-CE92-48ED-ABC9-E37FC8FE8F98}.Debug|Any CPU.Build.0 = Debug|Any CPU
		{D74BA224-CE92-48ED-ABC9-E37FC8FE8F98}.Release|Any CPU.ActiveCfg = Release|Any CPU
		{D74BA224-CE92-48ED-ABC9-E37FC8FE8F98}.Release|Any CPU.Build.0 = Release|Any CPU
		{9ED43B64-C8F6-4B41-9765-AB1B416A0412}.Debug|Any CPU.ActiveCfg = Debug|Any CPU
		{9ED43B64-C8F6-4B41-9765-AB1B416A0412}.Debug|Any CPU.Build.0 = Debug|Any CPU
		{9ED43B64-C8F6-4B41-9765-AB1B416A0412}.Release|Any CPU.ActiveCfg = Release|Any CPU
		{9ED43B64-C8F6-4B41-9765-AB1B416A0412}.Release|Any CPU.Build.0 = Release|Any CPU
		{8D0CD837-7462-422F-9C7F-68F2B0C36E26}.Debug|Any CPU.ActiveCfg = Debug|Any CPU
		{8D0CD837-7462-422F-9C7F-68F2B0C36E26}.Debug|Any CPU.Build.0 = Debug|Any CPU
		{8D0CD837-7462-422F-9C7F-68F2B0C36E26}.Release|Any CPU.ActiveCfg = Release|Any CPU
		{8D0CD837-7462-422F-9C7F-68F2B0C36E26}.Release|Any CPU.Build.0 = Release|Any CPU
		{BD002DA8-8B25-4F20-A538-5A2FAF2587C5}.Debug|Any CPU.ActiveCfg = Debug|Any CPU
		{BD002DA8-8B25-4F20-A538-5A2FAF2587C5}.Debug|Any CPU.Build.0 = Debug|Any CPU
		{BD002DA8-8B25-4F20-A538-5A2FAF2587C5}.Release|Any CPU.ActiveCfg = Release|Any CPU
		{BD002DA8-8B25-4F20-A538-5A2FAF2587C5}.Release|Any CPU.Build.0 = Release|Any CPU
		{741FD787-CF8F-4B52-88CE-CAA835403FB5}.Debug|Any CPU.ActiveCfg = Debug|Any CPU
		{741FD787-CF8F-4B52-88CE-CAA835403FB5}.Debug|Any CPU.Build.0 = Debug|Any CPU
		{741FD787-CF8F-4B52-88CE-CAA835403FB5}.Release|Any CPU.ActiveCfg = Release|Any CPU
		{741FD787-CF8F-4B52-88CE-CAA835403FB5}.Release|Any CPU.Build.0 = Release|Any CPU
		{21D7A461-6E66-4997-847D-4493F64219E1}.Debug|Any CPU.ActiveCfg = Debug|Any CPU
		{21D7A461-6E66-4997-847D-4493F64219E1}.Debug|Any CPU.Build.0 = Debug|Any CPU
		{21D7A461-6E66-4997-847D-4493F64219E1}.Release|Any CPU.ActiveCfg = Release|Any CPU
		{21D7A461-6E66-4997-847D-4493F64219E1}.Release|Any CPU.Build.0 = Release|Any CPU
		{895CE9C2-D717-4D2A-9D9F-A845AF6A27BF}.Debug|Any CPU.ActiveCfg = Debug|Any CPU
		{895CE9C2-D717-4D2A-9D9F-A845AF6A27BF}.Debug|Any CPU.Build.0 = Debug|Any CPU
		{895CE9C2-D717-4D2A-9D9F-A845AF6A27BF}.Release|Any CPU.ActiveCfg = Release|Any CPU
		{895CE9C2-D717-4D2A-9D9F-A845AF6A27BF}.Release|Any CPU.Build.0 = Release|Any CPU
		{77CAC5CA-F670-4FEC-BFD8-7E15E8F4F12A}.Debug|Any CPU.ActiveCfg = Debug|Any CPU
		{77CAC5CA-F670-4FEC-BFD8-7E15E8F4F12A}.Debug|Any CPU.Build.0 = Debug|Any CPU
		{77CAC5CA-F670-4FEC-BFD8-7E15E8F4F12A}.Release|Any CPU.ActiveCfg = Release|Any CPU
		{77CAC5CA-F670-4FEC-BFD8-7E15E8F4F12A}.Release|Any CPU.Build.0 = Release|Any CPU
		{A8688D45-4FC9-43E8-A9F8-D82CF67E173E}.Debug|Any CPU.ActiveCfg = Debug|Any CPU
		{A8688D45-4FC9-43E8-A9F8-D82CF67E173E}.Debug|Any CPU.Build.0 = Debug|Any CPU
		{A8688D45-4FC9-43E8-A9F8-D82CF67E173E}.Release|Any CPU.ActiveCfg = Release|Any CPU
		{A8688D45-4FC9-43E8-A9F8-D82CF67E173E}.Release|Any CPU.Build.0 = Release|Any CPU
		{26BC1E97-F2B4-07F3-9303-ABCD4DC84CBB}.Debug|Any CPU.ActiveCfg = Debug|Any CPU
		{26BC1E97-F2B4-07F3-9303-ABCD4DC84CBB}.Debug|Any CPU.Build.0 = Debug|Any CPU
		{26BC1E97-F2B4-07F3-9303-ABCD4DC84CBB}.Release|Any CPU.ActiveCfg = Release|Any CPU
		{26BC1E97-F2B4-07F3-9303-ABCD4DC84CBB}.Release|Any CPU.Build.0 = Release|Any CPU
		{22FB39B8-880C-EBE3-EFED-F3BDECA2BDCA}.Debug|Any CPU.ActiveCfg = Debug|Any CPU
		{22FB39B8-880C-EBE3-EFED-F3BDECA2BDCA}.Debug|Any CPU.Build.0 = Debug|Any CPU
		{22FB39B8-880C-EBE3-EFED-F3BDECA2BDCA}.Release|Any CPU.ActiveCfg = Release|Any CPU
		{22FB39B8-880C-EBE3-EFED-F3BDECA2BDCA}.Release|Any CPU.Build.0 = Release|Any CPU
		{DFC4AD6E-2248-B629-6EF1-D323ADCCBB80}.Debug|Any CPU.ActiveCfg = Debug|Any CPU
		{DFC4AD6E-2248-B629-6EF1-D323ADCCBB80}.Debug|Any CPU.Build.0 = Debug|Any CPU
		{DFC4AD6E-2248-B629-6EF1-D323ADCCBB80}.Release|Any CPU.ActiveCfg = Release|Any CPU
		{DFC4AD6E-2248-B629-6EF1-D323ADCCBB80}.Release|Any CPU.Build.0 = Release|Any CPU
		{C9B2CA74-C152-452A-A84C-DD069200ACBD}.Debug|Any CPU.ActiveCfg = Debug|Any CPU
		{C9B2CA74-C152-452A-A84C-DD069200ACBD}.Debug|Any CPU.Build.0 = Debug|Any CPU
		{C9B2CA74-C152-452A-A84C-DD069200ACBD}.Release|Any CPU.ActiveCfg = Release|Any CPU
		{C9B2CA74-C152-452A-A84C-DD069200ACBD}.Release|Any CPU.Build.0 = Release|Any CPU
		{A77F9782-3B6F-7A6C-045D-6383DBC24240}.Debug|Any CPU.ActiveCfg = Debug|Any CPU
		{A77F9782-3B6F-7A6C-045D-6383DBC24240}.Debug|Any CPU.Build.0 = Debug|Any CPU
		{A77F9782-3B6F-7A6C-045D-6383DBC24240}.Release|Any CPU.ActiveCfg = Release|Any CPU
		{A77F9782-3B6F-7A6C-045D-6383DBC24240}.Release|Any CPU.Build.0 = Release|Any CPU
		{428320C3-03DC-4BB6-B9B8-0DE7AC154FE1}.Debug|Any CPU.ActiveCfg = Debug|Any CPU
		{428320C3-03DC-4BB6-B9B8-0DE7AC154FE1}.Debug|Any CPU.Build.0 = Debug|Any CPU
		{428320C3-03DC-4BB6-B9B8-0DE7AC154FE1}.Release|Any CPU.ActiveCfg = Release|Any CPU
		{428320C3-03DC-4BB6-B9B8-0DE7AC154FE1}.Release|Any CPU.Build.0 = Release|Any CPU
	EndGlobalSection
	GlobalSection(SolutionProperties) = preSolution
		HideSolutionNode = FALSE
	EndGlobalSection
	GlobalSection(NestedProjects) = preSolution
		{DE1947D6-7CD4-422F-8B84-67E3DB5274C4} = {02EA681E-C7D8-13C7-8484-4AC65E1B71E8}
		{D5F9FACE-5C95-4616-8BDD-AE9FF68A09E6} = {02EA681E-C7D8-13C7-8484-4AC65E1B71E8}
		{5AC136A3-723B-17A5-742A-99FC5B3AD4EC} = {02EA681E-C7D8-13C7-8484-4AC65E1B71E8}
		{C5959814-A469-B722-CACF-0AE5A3B6C242} = {02EA681E-C7D8-13C7-8484-4AC65E1B71E8}
		{B46A9A42-FB24-492C-B41F-15E855275D78} = {661C624B-FB66-4766-9B96-5535BAB40CD7}
		{DBB023A8-0F05-4056-B4D7-B4AC7F1C0FA3} = {661C624B-FB66-4766-9B96-5535BAB40CD7}
		{728A952D-1729-457F-A70E-690D1FAAAF5E} = {590B6461-D72B-494E-ADCA-535B2229A10E}
		{A78540B8-80D8-41AF-9200-FF9C7F2FAA94} = {A6D402A6-DBD2-40D9-A87F-2E30EE211B20}
		{D573AED5-770B-4473-9F2E-2A3F0EE9D686} = {29BFC5B5-DFB3-47E7-BAA0-0BE2EA04C2C1}
		{1F04AC31-4073-404A-B78A-866B9C22FCF8} = {29BFC5B5-DFB3-47E7-BAA0-0BE2EA04C2C1}
		{A5452F6B-3D3F-4071-B9B9-F1B99ECDD6F8} = {29BFC5B5-DFB3-47E7-BAA0-0BE2EA04C2C1}
		{53CA1A7C-8FD0-4D22-B876-50FAA47DA2E2} = {29BFC5B5-DFB3-47E7-BAA0-0BE2EA04C2C1}
		{1CC1BB75-CCC3-4155-BCCD-D2CCB4CC81BE} = {29BFC5B5-DFB3-47E7-BAA0-0BE2EA04C2C1}
		{EEE24C27-28F9-4E77-B0DE-16324D1DBADD} = {29BFC5B5-DFB3-47E7-BAA0-0BE2EA04C2C1}
		{727F9B65-D9BE-47E1-81A5-6FA453946D70} = {D0550CFD-6CA3-4DBE-9F9C-67A160C38028}
		{E79D072E-1200-4F4F-823A-6840AAEDEF55} = {D0550CFD-6CA3-4DBE-9F9C-67A160C38028}
		{04BC049A-BC00-4285-B854-EE0F910585F3} = {DD657ED4-B9FB-43A2-953D-699722672F09}
		{2B62016C-BBEC-FE55-F16B-8CD65C3FA198} = {83952D55-31B2-4BAA-907F-D8306EC9B055}
		{D74BA224-CE92-48ED-ABC9-E37FC8FE8F98} = {98584B15-8459-460E-B52A-94EED3771796}
		{9ED43B64-C8F6-4B41-9765-AB1B416A0412} = {98584B15-8459-460E-B52A-94EED3771796}
		{8D0CD837-7462-422F-9C7F-68F2B0C36E26} = {0FDFEA31-7553-44FC-A521-D01660DE365E}
		{BD002DA8-8B25-4F20-A538-5A2FAF2587C5} = {ADCE9B2B-90A5-4998-A923-3B0926F3F798}
		{741FD787-CF8F-4B52-88CE-CAA835403FB5} = {15D309F3-771A-43BA-98F8-3CC04E343BD0}
		{21D7A461-6E66-4997-847D-4493F64219E1} = {369CB01D-A1A7-72D2-AABC-3F0945D148A2}
		{895CE9C2-D717-4D2A-9D9F-A845AF6A27BF} = {FA7BAC76-F645-45DE-B42D-19748ABCE360}
		{77CAC5CA-F670-4FEC-BFD8-7E15E8F4F12A} = {ADCE9B2B-90A5-4998-A923-3B0926F3F798}
		{A8688D45-4FC9-43E8-A9F8-D82CF67E173E} = {A7C9E050-9307-4CC6-9C1C-D504C0159C9A}
		{26BC1E97-F2B4-07F3-9303-ABCD4DC84CBB} = {A7C9E050-9307-4CC6-9C1C-D504C0159C9A}
		{22FB39B8-880C-EBE3-EFED-F3BDECA2BDCA} = {A7C9E050-9307-4CC6-9C1C-D504C0159C9A}
		{DFC4AD6E-2248-B629-6EF1-D323ADCCBB80} = {A7C9E050-9307-4CC6-9C1C-D504C0159C9A}
		{C9B2CA74-C152-452A-A84C-DD069200ACBD} = {42CF0530-3599-4E28-976A-4A96E98F9EAF}
		{A77F9782-3B6F-7A6C-045D-6383DBC24240} = {E0895AE0-9683-4C7A-97D9-6A448AB70E40}
		{428320C3-03DC-4BB6-B9B8-0DE7AC154FE1} = {6E1D5336-3422-417C-B7C9-EDB2788FA72A}
	EndGlobalSection
	GlobalSection(ExtensibilityGlobals) = postSolution
		SolutionGuid = {C594C7BA-2C79-4B38-90BC-9BFA64F5783B}
	EndGlobalSection
EndGlobal
